
Microsoft Visual Studio Solution File, Format Version 12.00
# Visual Studio 15
Project("{FAE04EC0-301F-11D3-BF4B-00C04F79EFBC}") = "UniGLTF", "UniGLTF.csproj", "{B3968849-A5ED-F77B-951D-26C867DC4AD2}"
EndProject
Project("{FAE04EC0-301F-11D3-BF4B-00C04F79EFBC}") = "VRMShaders.GLTF.IO.Runtime", "VRMShaders.GLTF.IO.Runtime.csproj", "{E1B0E8D0-A337-64D6-2523-2EDD7991C1C8}"
EndProject
Project("{FAE04EC0-301F-11D3-BF4B-00C04F79EFBC}") = "VRMShaders.VRM10.MToon10.Runtime", "VRMShaders.VRM10.MToon10.Runtime.csproj", "{5310E543-CBF8-8F32-538A-52B877971054}"
EndProject
Project("{FAE04EC0-301F-11D3-BF4B-00C04F79EFBC}") = "PhotonUnityNetworking.Demos", "PhotonUnityNetworking.Demos.csproj", "{3AAA4205-2D94-DBEC-AF4B-911A7A786E5A}"
EndProject
Project("{FAE04EC0-301F-11D3-BF4B-00C04F79EFBC}") = "PhotonRealtime", "PhotonRealtime.csproj", "{420DF11F-A594-AC89-345F-A98F87406806}"
EndProject
Project("{FAE04EC0-301F-11D3-BF4B-00C04F79EFBC}") = "PhotonUnityNetworking", "PhotonUnityNetworking.csproj", "{BE9C9326-3F32-8255-7E56-E6575A6A34F6}"
EndProject
Project("{FAE04EC0-301F-11D3-BF4B-00C04F79EFBC}") = "Assembly-CSharp", "Assembly-CSharp.csproj", "{F7E01FCF-1277-AB87-3054-7DCADCEB7479}"
EndProject
Project("{FAE04EC0-301F-11D3-BF4B-00C04F79EFBC}") = "PhotonUnityNetworking.Utilities", "PhotonUnityNetworking.Utilities.csproj", "{5A928878-6E7E-B1F7-326D-CB1127D36E44}"
EndProject
Project("{FAE04EC0-301F-11D3-BF4B-00C04F79EFBC}") = "FastSpringBone", "FastSpringBone.csproj", "{ED4ABC91-99C6-BB77-45B0-81942E644444}"
EndProject
Project("{FAE04EC0-301F-11D3-BF4B-00C04F79EFBC}") = "Unity.Postprocessing.Runtime", "Unity.Postprocessing.Runtime.csproj", "{5D644519-3624-4EE1-0603-136E8737DB66}"
EndProject
Project("{FAE04EC0-301F-11D3-BF4B-00C04F79EFBC}") = "VRM", "VRM.csproj", "{9E343E7B-FAAF-2815-F079-DE569E41ABB4}"
EndProject
Project("{FAE04EC0-301F-11D3-BF4B-00C04F79EFBC}") = "PhotonChat", "PhotonChat.csproj", "{6615A31F-60AD-9847-1442-7E8AE8F55943}"
EndProject
Project("{FAE04EC0-301F-11D3-BF4B-00C04F79EFBC}") = "MToon", "MToon.csproj", "{ED310042-934C-FC65-C9A5-EEF23CF797E4}"
EndProject
Project("{FAE04EC0-301F-11D3-BF4B-00C04F79EFBC}") = "VRMShaders.VRM10.Format.Runtime", "VRMShaders.VRM10.Format.Runtime.csproj", "{922EFB65-B28E-FFBB-54D8-D89D955E225D}"
EndProject
Project("{FAE04EC0-301F-11D3-BF4B-00C04F79EFBC}") = "UniHumanoid", "UniHumanoid.csproj", "{EA4972B5-7C8A-242E-4E4A-F38C75784A3D}"
EndProject
Project("{FAE04EC0-301F-11D3-BF4B-00C04F79EFBC}") = "UniGLTF.Utils", "UniGLTF.Utils.csproj", "{8670A6E1-7CA2-AF0E-7476-1C773BE4FAEA}"
EndProject
Project("{FAE04EC0-301F-11D3-BF4B-00C04F79EFBC}") = "VRMShaders.GLTF.UniUnlit.Runtime", "VRMShaders.GLTF.UniUnlit.Runtime.csproj", "{7666581F-902A-7A5F-AFFE-CEE28F232D9E}"
EndProject
Project("{FAE04EC0-301F-11D3-BF4B-00C04F79EFBC}") = "VRMShaders.VRM.IO.Runtime", "VRMShaders.VRM.IO.Runtime.csproj", "{48D25ECC-1955-1D9E-695E-FA5C38320A59}"
EndProject
Project("{FAE04EC0-301F-11D3-BF4B-00C04F79EFBC}") = "VRMShaders.GLTF.IO.Tests", "VRMShaders.GLTF.IO.Tests.csproj", "{E8712486-D94F-0D0E-F8A0-F164BF88C3DE}"
EndProject
Project("{FAE04EC0-301F-11D3-BF4B-00C04F79EFBC}") = "PhotonUnityNetworking.Editor", "PhotonUnityNetworking.Editor.csproj", "{FEFBBE85-8655-5E8C-5A0A-AC689F4F0616}"
EndProject
Project("{FAE04EC0-301F-11D3-BF4B-00C04F79EFBC}") = "UniGLTF.Tests", "UniGLTF.Tests.csproj", "{663F6F79-4B1D-3E67-4013-A7EEA5874EF1}"
EndProject
Project("{FAE04EC0-301F-11D3-BF4B-00C04F79EFBC}") = "VRMShaders.GLTF.UniUnlit.Editor", "VRMShaders.GLTF.UniUnlit.Editor.csproj", "{734444D2-7B10-1E47-B747-20340147D135}"
EndProject
Project("{FAE04EC0-301F-11D3-BF4B-00C04F79EFBC}") = "Unity.Postprocessing.Editor", "Unity.Postprocessing.Editor.csproj", "{AC800DB4-EF36-1691-233A-29E60AC97B4E}"
EndProject
Project("{FAE04EC0-301F-11D3-BF4B-00C04F79EFBC}") = "VRM.Tests", "VRM.Tests.csproj", "{D8F79F37-0009-3C7A-3BB1-81D9DC2CFBF8}"
EndProject
Project("{FAE04EC0-301F-11D3-BF4B-00C04F79EFBC}") = "UniGLTF.Editor", "UniGLTF.Editor.csproj", "{B178416D-1204-3AF8-545B-23CBA68F4A96}"
EndProject
Project("{FAE04EC0-301F-11D3-BF4B-00C04F79EFBC}") = "UniVRM.Editor", "UniVRM.Editor.csproj", "{277823F8-B191-011B-27F8-9F45A4952663}"
EndProject
Project("{FAE04EC0-301F-11D3-BF4B-00C04F79EFBC}") = "UniHumanoid.Editor", "UniHumanoid.Editor.csproj", "{88E4DEE9-7118-59BE-340E-CF1D2BA84DBB}"
EndProject
Project("{FAE04EC0-301F-11D3-BF4B-00C04F79EFBC}") = "PhotonUnityNetworking.Utilities.PhotonPlayer.Editor", "PhotonUnityNetworking.Utilities.PhotonPlayer.Editor.csproj", "{A7F6AD5D-E34F-E0AD-3C84-50ECB83459A3}"
EndProject
Project("{FAE04EC0-301F-11D3-BF4B-00C04F79EFBC}") = "VRMShaders.VRM10.MToon10.Editor", "VRMShaders.VRM10.MToon10.Editor.csproj", "{2E114ACE-A984-66D2-5BFD-98DF267C7762}"
EndProject
Project("{FAE04EC0-301F-11D3-BF4B-00C04F79EFBC}") = "VRMShaders.GLTF.IO.Editor", "VRMShaders.GLTF.IO.Editor.csproj", "{D3F93DD1-FB2D-23E0-B9B8-7F13ABA047D4}"
EndProject
Project("{FAE04EC0-301F-11D3-BF4B-00C04F79EFBC}") = "MToon.Editor", "MToon.Editor.csproj", "{B01BDA38-926F-E8D8-514D-6ECEB4E45285}"
EndProject
Project("{FAE04EC0-301F-11D3-BF4B-00C04F79EFBC}") = "PunDemos.DemoSlotcarEditor", "PunDemos.DemoSlotcarEditor.csproj", "{712F12B4-83D7-B34D-5F1D-B9E2D610970D}"
EndProject
Project("{FAE04EC0-301F-11D3-BF4B-00C04F79EFBC}") = "PhotonUnityNetworking.Utilities.Culling.Editor", "PhotonUnityNetworking.Utilities.Culling.Editor.csproj", "{48963145-6B7D-F3D0-7744-486FE3CC0F9B}"
EndProject
Project("{FAE04EC0-301F-11D3-BF4B-00C04F79EFBC}") = "PunDemos.DemoHubEditor", "PunDemos.DemoHubEditor.csproj", "{99F281BF-D4B9-1C22-6665-919A0399E06D}"
EndProject
Project("{FAE04EC0-301F-11D3-BF4B-00C04F79EFBC}") = "VRMShaders.VRM10.MToon10.Tests", "VRMShaders.VRM10.MToon10.Tests.csproj", "{BF1C5355-459F-FA35-A235-22B97CA9E192}"
EndProject
Project("{FAE04EC0-301F-11D3-BF4B-00C04F79EFBC}") = "UniHumanoid.Editor.Tests", "UniHumanoid.Editor.Tests.csproj", "{AA85D218-26F3-61DA-E2BF-E0530B3A82F3}"
EndProject
Project("{FAE04EC0-301F-11D3-BF4B-00C04F79EFBC}") = "VRM.Samples.Editor.Tests", "VRM.Samples.Editor.Tests.csproj", "{7E690B3D-9B7E-592C-65D2-5E9A73CC93B9}"
EndProject
Project("{FAE04EC0-301F-11D3-BF4B-00C04F79EFBC}") = "Assembly-CSharp-Editor", "Assembly-CSharp-Editor.csproj", "{5ECD4D11-25A8-F792-2A2D-B77FAC723247}"
EndProject
Global
	GlobalSection(SolutionConfigurationPlatforms) = preSolution
		Debug|Any CPU = Debug|Any CPU
		Release|Any CPU = Release|Any CPU
	EndGlobalSection
	GlobalSection(ProjectConfigurationPlatforms) = postSolution
		{B3968849-A5ED-F77B-951D-26C867DC4AD2}.Debug|Any CPU.ActiveCfg = Debug|Any CPU
		{B3968849-A5ED-F77B-951D-26C867DC4AD2}.Debug|Any CPU.Build.0 = Debug|Any CPU
		{B3968849-A5ED-F77B-951D-26C867DC4AD2}.Release|Any CPU.ActiveCfg = Release|Any CPU
		{B3968849-A5ED-F77B-951D-26C867DC4AD2}.Release|Any CPU.Build.0 = Release|Any CPU
		{E1B0E8D0-A337-64D6-2523-2EDD7991C1C8}.Debug|Any CPU.ActiveCfg = Debug|Any CPU
		{E1B0E8D0-A337-64D6-2523-2EDD7991C1C8}.Debug|Any CPU.Build.0 = Debug|Any CPU
		{E1B0E8D0-A337-64D6-2523-2EDD7991C1C8}.Release|Any CPU.ActiveCfg = Release|Any CPU
		{E1B0E8D0-A337-64D6-2523-2EDD7991C1C8}.Release|Any CPU.Build.0 = Release|Any CPU
		{5310E543-CBF8-8F32-538A-52B877971054}.Debug|Any CPU.ActiveCfg = Debug|Any CPU
		{5310E543-CBF8-8F32-538A-52B877971054}.Debug|Any CPU.Build.0 = Debug|Any CPU
		{5310E543-CBF8-8F32-538A-52B877971054}.Release|Any CPU.ActiveCfg = Release|Any CPU
		{5310E543-CBF8-8F32-538A-52B877971054}.Release|Any CPU.Build.0 = Release|Any CPU
		{3AAA4205-2D94-DBEC-AF4B-911A7A786E5A}.Debug|Any CPU.ActiveCfg = Debug|Any CPU
		{3AAA4205-2D94-DBEC-AF4B-911A7A786E5A}.Debug|Any CPU.Build.0 = Debug|Any CPU
		{3AAA4205-2D94-DBEC-AF4B-911A7A786E5A}.Release|Any CPU.ActiveCfg = Release|Any CPU
		{3AAA4205-2D94-DBEC-AF4B-911A7A786E5A}.Release|Any CPU.Build.0 = Release|Any CPU
		{420DF11F-A594-AC89-345F-A98F87406806}.Debug|Any CPU.ActiveCfg = Debug|Any CPU
		{420DF11F-A594-AC89-345F-A98F87406806}.Debug|Any CPU.Build.0 = Debug|Any CPU
		{420DF11F-A594-AC89-345F-A98F87406806}.Release|Any CPU.ActiveCfg = Release|Any CPU
		{420DF11F-A594-AC89-345F-A98F87406806}.Release|Any CPU.Build.0 = Release|Any CPU
		{BE9C9326-3F32-8255-7E56-E6575A6A34F6}.Debug|Any CPU.ActiveCfg = Debug|Any CPU
		{BE9C9326-3F32-8255-7E56-E6575A6A34F6}.Debug|Any CPU.Build.0 = Debug|Any CPU
		{BE9C9326-3F32-8255-7E56-E6575A6A34F6}.Release|Any CPU.ActiveCfg = Release|Any CPU
		{BE9C9326-3F32-8255-7E56-E6575A6A34F6}.Release|Any CPU.Build.0 = Release|Any CPU
		{F7E01FCF-1277-AB87-3054-7DCADCEB7479}.Debug|Any CPU.ActiveCfg = Debug|Any CPU
		{F7E01FCF-1277-AB87-3054-7DCADCEB7479}.Debug|Any CPU.Build.0 = Debug|Any CPU
		{F7E01FCF-1277-AB87-3054-7DCADCEB7479}.Release|Any CPU.ActiveCfg = Release|Any CPU
		{F7E01FCF-1277-AB87-3054-7DCADCEB7479}.Release|Any CPU.Build.0 = Release|Any CPU
		{5A928878-6E7E-B1F7-326D-CB1127D36E44}.Debug|Any CPU.ActiveCfg = Debug|Any CPU
		{5A928878-6E7E-B1F7-326D-CB1127D36E44}.Debug|Any CPU.Build.0 = Debug|Any CPU
		{5A928878-6E7E-B1F7-326D-CB1127D36E44}.Release|Any CPU.ActiveCfg = Release|Any CPU
		{5A928878-6E7E-B1F7-326D-CB1127D36E44}.Release|Any CPU.Build.0 = Release|Any CPU
		{ED4ABC91-99C6-BB77-45B0-81942E644444}.Debug|Any CPU.ActiveCfg = Debug|Any CPU
		{ED4ABC91-99C6-BB77-45B0-81942E644444}.Debug|Any CPU.Build.0 = Debug|Any CPU
		{ED4ABC91-99C6-BB77-45B0-81942E644444}.Release|Any CPU.ActiveCfg = Release|Any CPU
		{ED4ABC91-99C6-BB77-45B0-81942E644444}.Release|Any CPU.Build.0 = Release|Any CPU
		{5D644519-3624-4EE1-0603-136E8737DB66}.Debug|Any CPU.ActiveCfg = Debug|Any CPU
		{5D644519-3624-4EE1-0603-136E8737DB66}.Debug|Any CPU.Build.0 = Debug|Any CPU
		{5D644519-3624-4EE1-0603-136E8737DB66}.Release|Any CPU.ActiveCfg = Release|Any CPU
		{5D644519-3624-4EE1-0603-136E8737DB66}.Release|Any CPU.Build.0 = Release|Any CPU
		{9E343E7B-FAAF-2815-F079-DE569E41ABB4}.Debug|Any CPU.ActiveCfg = Debug|Any CPU
		{9E343E7B-FAAF-2815-F079-DE569E41ABB4}.Debug|Any CPU.Build.0 = Debug|Any CPU
		{9E343E7B-FAAF-2815-F079-DE569E41ABB4}.Release|Any CPU.ActiveCfg = Release|Any CPU
		{9E343E7B-FAAF-2815-F079-DE569E41ABB4}.Release|Any CPU.Build.0 = Release|Any CPU
		{6615A31F-60AD-9847-1442-7E8AE8F55943}.Debug|Any CPU.ActiveCfg = Debug|Any CPU
		{6615A31F-60AD-9847-1442-7E8AE8F55943}.Debug|Any CPU.Build.0 = Debug|Any CPU
		{6615A31F-60AD-9847-1442-7E8AE8F55943}.Release|Any CPU.ActiveCfg = Release|Any CPU
		{6615A31F-60AD-9847-1442-7E8AE8F55943}.Release|Any CPU.Build.0 = Release|Any CPU
		{ED310042-934C-FC65-C9A5-EEF23CF797E4}.Debug|Any CPU.ActiveCfg = Debug|Any CPU
		{ED310042-934C-FC65-C9A5-EEF23CF797E4}.Debug|Any CPU.Build.0 = Debug|Any CPU
		{ED310042-934C-FC65-C9A5-EEF23CF797E4}.Release|Any CPU.ActiveCfg = Release|Any CPU
		{ED310042-934C-FC65-C9A5-EEF23CF797E4}.Release|Any CPU.Build.0 = Release|Any CPU
		{922EFB65-B28E-FFBB-54D8-D89D955E225D}.Debug|Any CPU.ActiveCfg = Debug|Any CPU
		{922EFB65-B28E-FFBB-54D8-D89D955E225D}.Debug|Any CPU.Build.0 = Debug|Any CPU
		{922EFB65-B28E-FFBB-54D8-D89D955E225D}.Release|Any CPU.ActiveCfg = Release|Any CPU
		{922EFB65-B28E-FFBB-54D8-D89D955E225D}.Release|Any CPU.Build.0 = Release|Any CPU
		{EA4972B5-7C8A-242E-4E4A-F38C75784A3D}.Debug|Any CPU.ActiveCfg = Debug|Any CPU
		{EA4972B5-7C8A-242E-4E4A-F38C75784A3D}.Debug|Any CPU.Build.0 = Debug|Any CPU
		{EA4972B5-7C8A-242E-4E4A-F38C75784A3D}.Release|Any CPU.ActiveCfg = Release|Any CPU
		{EA4972B5-7C8A-242E-4E4A-F38C75784A3D}.Release|Any CPU.Build.0 = Release|Any CPU
		{8670A6E1-7CA2-AF0E-7476-1C773BE4FAEA}.Debug|Any CPU.ActiveCfg = Debug|Any CPU
		{8670A6E1-7CA2-AF0E-7476-1C773BE4FAEA}.Debug|Any CPU.Build.0 = Debug|Any CPU
		{8670A6E1-7CA2-AF0E-7476-1C773BE4FAEA}.Release|Any CPU.ActiveCfg = Release|Any CPU
		{8670A6E1-7CA2-AF0E-7476-1C773BE4FAEA}.Release|Any CPU.Build.0 = Release|Any CPU
		{7666581F-902A-7A5F-AFFE-CEE28F232D9E}.Debug|Any CPU.ActiveCfg = Debug|Any CPU
		{7666581F-902A-7A5F-AFFE-CEE28F232D9E}.Debug|Any CPU.Build.0 = Debug|Any CPU
		{7666581F-902A-7A5F-AFFE-CEE28F232D9E}.Release|Any CPU.ActiveCfg = Release|Any CPU
		{7666581F-902A-7A5F-AFFE-CEE28F232D9E}.Release|Any CPU.Build.0 = Release|Any CPU
		{48D25ECC-1955-1D9E-695E-FA5C38320A59}.Debug|Any CPU.ActiveCfg = Debug|Any CPU
		{48D25ECC-1955-1D9E-695E-FA5C38320A59}.Debug|Any CPU.Build.0 = Debug|Any CPU
		{48D25ECC-1955-1D9E-695E-FA5C38320A59}.Release|Any CPU.ActiveCfg = Release|Any CPU
		{48D25ECC-1955-1D9E-695E-FA5C38320A59}.Release|Any CPU.Build.0 = Release|Any CPU
		{E8712486-D94F-0D0E-F8A0-F164BF88C3DE}.Debug|Any CPU.ActiveCfg = Debug|Any CPU
		{E8712486-D94F-0D0E-F8A0-F164BF88C3DE}.Debug|Any CPU.Build.0 = Debug|Any CPU
		{E8712486-D94F-0D0E-F8A0-F164BF88C3DE}.Release|Any CPU.ActiveCfg = Release|Any CPU
		{E8712486-D94F-0D0E-F8A0-F164BF88C3DE}.Release|Any CPU.Build.0 = Release|Any CPU
		{FEFBBE85-8655-5E8C-5A0A-AC689F4F0616}.Debug|Any CPU.ActiveCfg = Debug|Any CPU
		{FEFBBE85-8655-5E8C-5A0A-AC689F4F0616}.Debug|Any CPU.Build.0 = Debug|Any CPU
		{FEFBBE85-8655-5E8C-5A0A-AC689F4F0616}.Release|Any CPU.ActiveCfg = Release|Any CPU
		{FEFBBE85-8655-5E8C-5A0A-AC689F4F0616}.Release|Any CPU.Build.0 = Release|Any CPU
		{663F6F79-4B1D-3E67-4013-A7EEA5874EF1}.Debug|Any CPU.ActiveCfg = Debug|Any CPU
		{663F6F79-4B1D-3E67-4013-A7EEA5874EF1}.Debug|Any CPU.Build.0 = Debug|Any CPU
		{663F6F79-4B1D-3E67-4013-A7EEA5874EF1}.Release|Any CPU.ActiveCfg = Release|Any CPU
		{663F6F79-4B1D-3E67-4013-A7EEA5874EF1}.Release|Any CPU.Build.0 = Release|Any CPU
		{734444D2-7B10-1E47-B747-20340147D135}.Debug|Any CPU.ActiveCfg = Debug|Any CPU
		{734444D2-7B10-1E47-B747-20340147D135}.Debug|Any CPU.Build.0 = Debug|Any CPU
		{734444D2-7B10-1E47-B747-20340147D135}.Release|Any CPU.ActiveCfg = Release|Any CPU
		{734444D2-7B10-1E47-B747-20340147D135}.Release|Any CPU.Build.0 = Release|Any CPU
		{AC800DB4-EF36-1691-233A-29E60AC97B4E}.Debug|Any CPU.ActiveCfg = Debug|Any CPU
		{AC800DB4-EF36-1691-233A-29E60AC97B4E}.Debug|Any CPU.Build.0 = Debug|Any CPU
		{AC800DB4-EF36-1691-233A-29E60AC97B4E}.Release|Any CPU.ActiveCfg = Release|Any CPU
		{AC800DB4-EF36-1691-233A-29E60AC97B4E}.Release|Any CPU.Build.0 = Release|Any CPU
		{D8F79F37-0009-3C7A-3BB1-81D9DC2CFBF8}.Debug|Any CPU.ActiveCfg = Debug|Any CPU
		{D8F79F37-0009-3C7A-3BB1-81D9DC2CFBF8}.Debug|Any CPU.Build.0 = Debug|Any CPU
		{D8F79F37-0009-3C7A-3BB1-81D9DC2CFBF8}.Release|Any CPU.ActiveCfg = Release|Any CPU
		{D8F79F37-0009-3C7A-3BB1-81D9DC2CFBF8}.Release|Any CPU.Build.0 = Release|Any CPU
		{B178416D-1204-3AF8-545B-23CBA68F4A96}.Debug|Any CPU.ActiveCfg = Debug|Any CPU
		{B178416D-1204-3AF8-545B-23CBA68F4A96}.Debug|Any CPU.Build.0 = Debug|Any CPU
		{B178416D-1204-3AF8-545B-23CBA68F4A96}.Release|Any CPU.ActiveCfg = Release|Any CPU
		{B178416D-1204-3AF8-545B-23CBA68F4A96}.Release|Any CPU.Build.0 = Release|Any CPU
		{277823F8-B191-011B-27F8-9F45A4952663}.Debug|Any CPU.ActiveCfg = Debug|Any CPU
		{277823F8-B191-011B-27F8-9F45A4952663}.Debug|Any CPU.Build.0 = Debug|Any CPU
		{277823F8-B191-011B-27F8-9F45A4952663}.Release|Any CPU.ActiveCfg = Release|Any CPU
		{277823F8-B191-011B-27F8-9F45A4952663}.Release|Any CPU.Build.0 = Release|Any CPU
		{88E4DEE9-7118-59BE-340E-CF1D2BA84DBB}.Debug|Any CPU.ActiveCfg = Debug|Any CPU
		{88E4DEE9-7118-59BE-340E-CF1D2BA84DBB}.Debug|Any CPU.Build.0 = Debug|Any CPU
		{88E4DEE9-7118-59BE-340E-CF1D2BA84DBB}.Release|Any CPU.ActiveCfg = Release|Any CPU
		{88E4DEE9-7118-59BE-340E-CF1D2BA84DBB}.Release|Any CPU.Build.0 = Release|Any CPU
		{A7F6AD5D-E34F-E0AD-3C84-50ECB83459A3}.Debug|Any CPU.ActiveCfg = Debug|Any CPU
		{A7F6AD5D-E34F-E0AD-3C84-50ECB83459A3}.Debug|Any CPU.Build.0 = Debug|Any CPU
		{A7F6AD5D-E34F-E0AD-3C84-50ECB83459A3}.Release|Any CPU.ActiveCfg = Release|Any CPU
		{A7F6AD5D-E34F-E0AD-3C84-50ECB83459A3}.Release|Any CPU.Build.0 = Release|Any CPU
		{2E114ACE-A984-66D2-5BFD-98DF267C7762}.Debug|Any CPU.ActiveCfg = Debug|Any CPU
		{2E114ACE-A984-66D2-5BFD-98DF267C7762}.Debug|Any CPU.Build.0 = Debug|Any CPU
		{2E114ACE-A984-66D2-5BFD-98DF267C7762}.Release|Any CPU.ActiveCfg = Release|Any CPU
		{2E114ACE-A984-66D2-5BFD-98DF267C7762}.Release|Any CPU.Build.0 = Release|Any CPU
		{D3F93DD1-FB2D-23E0-B9B8-7F13ABA047D4}.Debug|Any CPU.ActiveCfg = Debug|Any CPU
		{D3F93DD1-FB2D-23E0-B9B8-7F13ABA047D4}.Debug|Any CPU.Build.0 = Debug|Any CPU
		{D3F93DD1-FB2D-23E0-B9B8-7F13ABA047D4}.Release|Any CPU.ActiveCfg = Release|Any CPU
		{D3F93DD1-FB2D-23E0-B9B8-7F13ABA047D4}.Release|Any CPU.Build.0 = Release|Any CPU
		{B01BDA38-926F-E8D8-514D-6ECEB4E45285}.Debug|Any CPU.ActiveCfg = Debug|Any CPU
		{B01BDA38-926F-E8D8-514D-6ECEB4E45285}.Debug|Any CPU.Build.0 = Debug|Any CPU
		{B01BDA38-926F-E8D8-514D-6ECEB4E45285}.Release|Any CPU.ActiveCfg = Release|Any CPU
		{B01BDA38-926F-E8D8-514D-6ECEB4E45285}.Release|Any CPU.Build.0 = Release|Any CPU
		{712F12B4-83D7-B34D-5F1D-B9E2D610970D}.Debug|Any CPU.ActiveCfg = Debug|Any CPU
		{712F12B4-83D7-B34D-5F1D-B9E2D610970D}.Debug|Any CPU.Build.0 = Debug|Any CPU
		{712F12B4-83D7-B34D-5F1D-B9E2D610970D}.Release|Any CPU.ActiveCfg = Release|Any CPU
		{712F12B4-83D7-B34D-5F1D-B9E2D610970D}.Release|Any CPU.Build.0 = Release|Any CPU
		{48963145-6B7D-F3D0-7744-486FE3CC0F9B}.Debug|Any CPU.ActiveCfg = Debug|Any CPU
		{48963145-6B7D-F3D0-7744-486FE3CC0F9B}.Debug|Any CPU.Build.0 = Debug|Any CPU
		{48963145-6B7D-F3D0-7744-486FE3CC0F9B}.Release|Any CPU.ActiveCfg = Release|Any CPU
		{48963145-6B7D-F3D0-7744-486FE3CC0F9B}.Release|Any CPU.Build.0 = Release|Any CPU
		{99F281BF-D4B9-1C22-6665-919A0399E06D}.Debug|Any CPU.ActiveCfg = Debug|Any CPU
		{99F281BF-D4B9-1C22-6665-919A0399E06D}.Debug|Any CPU.Build.0 = Debug|Any CPU
		{99F281BF-D4B9-1C22-6665-919A0399E06D}.Release|Any CPU.ActiveCfg = Release|Any CPU
		{99F281BF-D4B9-1C22-6665-919A0399E06D}.Release|Any CPU.Build.0 = Release|Any CPU
		{BF1C5355-459F-FA35-A235-22B97CA9E192}.Debug|Any CPU.ActiveCfg = Debug|Any CPU
		{BF1C5355-459F-FA35-A235-22B97CA9E192}.Debug|Any CPU.Build.0 = Debug|Any CPU
		{BF1C5355-459F-FA35-A235-22B97CA9E192}.Release|Any CPU.ActiveCfg = Release|Any CPU
		{BF1C5355-459F-FA35-A235-22B97CA9E192}.Release|Any CPU.Build.0 = Release|Any CPU
		{AA85D218-26F3-61DA-E2BF-E0530B3A82F3}.Debug|Any CPU.ActiveCfg = Debug|Any CPU
		{AA85D218-26F3-61DA-E2BF-E0530B3A82F3}.Debug|Any CPU.Build.0 = Debug|Any CPU
		{AA85D218-26F3-61DA-E2BF-E0530B3A82F3}.Release|Any CPU.ActiveCfg = Release|Any CPU
		{AA85D218-26F3-61DA-E2BF-E0530B3A82F3}.Release|Any CPU.Build.0 = Release|Any CPU
		{7E690B3D-9B7E-592C-65D2-5E9A73CC93B9}.Debug|Any CPU.ActiveCfg = Debug|Any CPU
		{7E690B3D-9B7E-592C-65D2-5E9A73CC93B9}.Debug|Any CPU.Build.0 = Debug|Any CPU
		{7E690B3D-9B7E-592C-65D2-5E9A73CC93B9}.Release|Any CPU.ActiveCfg = Release|Any CPU
		{7E690B3D-9B7E-592C-65D2-5E9A73CC93B9}.Release|Any CPU.Build.0 = Release|Any CPU
		{5ECD4D11-25A8-F792-2A2D-B77FAC723247}.Debug|Any CPU.ActiveCfg = Debug|Any CPU
		{5ECD4D11-25A8-F792-2A2D-B77FAC723247}.Debug|Any CPU.Build.0 = Debug|Any CPU
		{5ECD4D11-25A8-F792-2A2D-B77FAC723247}.Release|Any CPU.ActiveCfg = Release|Any CPU
		{5ECD4D11-25A8-F792-2A2D-B77FAC723247}.Release|Any CPU.Build.0 = Release|Any CPU
	EndGlobalSection
	GlobalSection(SolutionProperties) = preSolution
		HideSolutionNode = FALSE
	EndGlobalSection
EndGlobal
