
Microsoft Visual Studio Solution File, Format Version 12.00
# Visual Studio 15
Project("{FAE04EC0-301F-11D3-BF4B-00C04F79EFBC}") = "UniGLTF", "UniGLTF.csproj", "{8EB3908D-1B52-08A7-F35B-5668051D964E}"
EndProject
Project("{FAE04EC0-301F-11D3-BF4B-00C04F79EFBC}") = "VRMShaders.GLTF.IO.Runtime", "VRMShaders.GLTF.IO.Runtime.csproj", "{9454A9B5-6462-89B7-5AFE-BCB98BBA1180}"
EndProject
Project("{FAE04EC0-301F-11D3-BF4B-00C04F79EFBC}") = "VRMShaders.VRM10.MToon10.Runtime", "VRMShaders.VRM10.MToon10.Runtime.csproj", "{2FDDAFE9-4A10-70EE-9443-E40EAE342B9D}"
EndProject
Project("{FAE04EC0-301F-11D3-BF4B-00C04F79EFBC}") = "PhotonUnityNetworking.Demos", "PhotonUnityNetworking.Demos.csproj", "{B843D2E1-7197-F031-B3DB-52BDDB82F58D}"
EndProject
Project("{FAE04EC0-301F-11D3-BF4B-00C04F79EFBC}") = "MTE_script", "MTE_script.csproj", "{4AB2BE88-732F-2142-EC53-C6B333F6634F}"
EndProject
Project("{FAE04EC0-301F-11D3-BF4B-00C04F79EFBC}") = "PhotonRealtime", "PhotonRealtime.csproj", "{9CD2EDBE-9C70-BFC4-0B53-FCDC0701DCC5}"
EndProject
Project("{FAE04EC0-301F-11D3-BF4B-00C04F79EFBC}") = "PhotonUnityNetworking", "PhotonUnityNetworking.csproj", "{CE6C1DA3-29F1-888C-207F-4F5A7298A843}"
EndProject
Project("{FAE04EC0-301F-11D3-BF4B-00C04F79EFBC}") = "Assembly-CSharp", "Assembly-CSharp.csproj", "{CF2A9BAD-29BD-86BB-2BA3-3928982B8CB3}"
EndProject
Project("{FAE04EC0-301F-11D3-BF4B-00C04F79EFBC}") = "PhotonUnityNetworking.Utilities", "PhotonUnityNetworking.Utilities.csproj", "{50D08B57-15C9-BACC-91CC-D1E26964EDB1}"
EndProject
Project("{FAE04EC0-301F-11D3-BF4B-00C04F79EFBC}") = "FastSpringBone", "FastSpringBone.csproj", "{82A7F296-5A99-A0A9-4AA3-8215EBD94CDF}"
EndProject
Project("{FAE04EC0-301F-11D3-BF4B-00C04F79EFBC}") = "Unity.Postprocessing.Runtime", "Unity.Postprocessing.Runtime.csproj", "{EB867A40-8578-6992-7497-DB66719DFDB8}"
EndProject
Project("{FAE04EC0-301F-11D3-BF4B-00C04F79EFBC}") = "VRM", "VRM.csproj", "{46FF6B9C-3AE4-8F0D-9FB8-C143A6E1795A}"
EndProject
Project("{FAE04EC0-301F-11D3-BF4B-00C04F79EFBC}") = "PhotonChat", "PhotonChat.csproj", "{99BD5236-9D99-CC0A-C48C-BD32D68CBD48}"
EndProject
Project("{FAE04EC0-301F-11D3-BF4B-00C04F79EFBC}") = "MToon", "MToon.csproj", "{1B0A98C7-E7E2-B5D2-78BE-7A9D01314721}"
EndProject
Project("{FAE04EC0-301F-11D3-BF4B-00C04F79EFBC}") = "VRMShaders.VRM10.Format.Runtime", "VRMShaders.VRM10.Format.Runtime.csproj", "{0C04ADCB-8BE8-F2EA-C66D-7162EC75DB52}"
EndProject
Project("{FAE04EC0-301F-11D3-BF4B-00C04F79EFBC}") = "UniHumanoid", "UniHumanoid.csproj", "{CC1E463A-F95A-EDB3-5776-302CA1DBF1E8}"
EndProject
Project("{FAE04EC0-301F-11D3-BF4B-00C04F79EFBC}") = "UniGLTF.Utils", "UniGLTF.Utils.csproj", "{6DB28846-E3C3-E413-E1E0-3D07FCC060A1}"
EndProject
Project("{FAE04EC0-301F-11D3-BF4B-00C04F79EFBC}") = "VRMShaders.GLTF.UniUnlit.Runtime", "VRMShaders.GLTF.UniUnlit.Runtime.csproj", "{05B97C50-913E-386D-73CE-DA60B4102402}"
EndProject
Project("{FAE04EC0-301F-11D3-BF4B-00C04F79EFBC}") = "VRMShaders.VRM.IO.Runtime", "VRMShaders.VRM.IO.Runtime.csproj", "{C97A6B51-8151-BCE9-C130-017621BBF81E}"
EndProject
Project("{FAE04EC0-301F-11D3-BF4B-00C04F79EFBC}") = "VRMShaders.GLTF.IO.Tests", "VRMShaders.GLTF.IO.Tests.csproj", "{57C35BA6-5904-F515-7C34-716BA3C001A2}"
EndProject
Project("{FAE04EC0-301F-11D3-BF4B-00C04F79EFBC}") = "PhotonUnityNetworking.Editor", "PhotonUnityNetworking.Editor.csproj", "{69D35A8C-36D9-A348-FB90-CD4A6992D266}"
EndProject
Project("{FAE04EC0-301F-11D3-BF4B-00C04F79EFBC}") = "UniGLTF.Tests", "UniGLTF.Tests.csproj", "{3101D49A-1393-504F-BC4B-955BEE96CFA2}"
EndProject
Project("{FAE04EC0-301F-11D3-BF4B-00C04F79EFBC}") = "asset-store-tools-editor", "asset-store-tools-editor.csproj", "{19B09E7A-B115-1791-86E9-81F75B808589}"
EndProject
Project("{FAE04EC0-301F-11D3-BF4B-00C04F79EFBC}") = "VRMShaders.GLTF.UniUnlit.Editor", "VRMShaders.GLTF.UniUnlit.Editor.csproj", "{EADC3DA0-B30E-5844-0248-876E6C939891}"
EndProject
Project("{FAE04EC0-301F-11D3-BF4B-00C04F79EFBC}") = "Unity.Postprocessing.Editor", "Unity.Postprocessing.Editor.csproj", "{F5BDD4E7-D867-A53A-47A4-91A4FBD7674C}"
EndProject
Project("{FAE04EC0-301F-11D3-BF4B-00C04F79EFBC}") = "VRM.Tests", "VRM.Tests.csproj", "{4913742A-1F7A-43E3-D22C-3CCEA3481FEF}"
EndProject
Project("{FAE04EC0-301F-11D3-BF4B-00C04F79EFBC}") = "UniGLTF.Editor", "UniGLTF.Editor.csproj", "{D79AB563-AB54-4424-E9A7-8E8C4139793C}"
EndProject
Project("{FAE04EC0-301F-11D3-BF4B-00C04F79EFBC}") = "UniVRM.Editor", "UniVRM.Editor.csproj", "{3424F84D-B41F-FE00-3223-798C57462252}"
EndProject
Project("{FAE04EC0-301F-11D3-BF4B-00C04F79EFBC}") = "UniHumanoid.Editor", "UniHumanoid.Editor.csproj", "{8A0E8985-E7FA-A1B2-C801-034123220ABB}"
EndProject
Project("{FAE04EC0-301F-11D3-BF4B-00C04F79EFBC}") = "PhotonUnityNetworking.Utilities.PhotonPlayer.Editor", "PhotonUnityNetworking.Utilities.PhotonPlayer.Editor.csproj", "{D2BF04BC-2D74-1EEA-0F84-AC6593FFA9A6}"
EndProject
Project("{FAE04EC0-301F-11D3-BF4B-00C04F79EFBC}") = "VRMShaders.VRM10.MToon10.Editor", "VRMShaders.VRM10.MToon10.Editor.csproj", "{FAD7F670-12E2-4498-740C-7D0D24864661}"
EndProject
Project("{FAE04EC0-301F-11D3-BF4B-00C04F79EFBC}") = "Assembly-CSharp-Editor", "Assembly-CSharp-Editor.csproj", "{DFD52635-2929-040A-8344-70C9BCDD901D}"
EndProject
Project("{FAE04EC0-301F-11D3-BF4B-00C04F79EFBC}") = "VRMShaders.GLTF.IO.Editor", "VRMShaders.GLTF.IO.Editor.csproj", "{A41664B7-882E-8962-406A-C227B5CD28DF}"
EndProject
Project("{FAE04EC0-301F-11D3-BF4B-00C04F79EFBC}") = "MToon.Editor", "MToon.Editor.csproj", "{F6D8BE68-7491-C5EC-EEAE-F3E0262CE7CC}"
EndProject
Project("{FAE04EC0-301F-11D3-BF4B-00C04F79EFBC}") = "PunDemos.DemoSlotcarEditor", "PunDemos.DemoSlotcarEditor.csproj", "{93B01798-D636-EBA4-FBF4-226551C7BA54}"
EndProject
Project("{FAE04EC0-301F-11D3-BF4B-00C04F79EFBC}") = "PhotonUnityNetworking.Utilities.Culling.Editor", "PhotonUnityNetworking.Utilities.Culling.Editor.csproj", "{7B756D2A-DF90-FFEB-0A87-85F9B6658BD1}"
EndProject
Project("{FAE04EC0-301F-11D3-BF4B-00C04F79EFBC}") = "PunDemos.DemoHubEditor", "PunDemos.DemoHubEditor.csproj", "{A1FC9C6F-E702-8452-E76A-59625F4170BA}"
EndProject
Project("{FAE04EC0-301F-11D3-BF4B-00C04F79EFBC}") = "VRMShaders.VRM10.MToon10.Tests", "VRMShaders.VRM10.MToon10.Tests.csproj", "{606725A1-6FC1-3C81-A97E-01AF864E4951}"
EndProject
Project("{FAE04EC0-301F-11D3-BF4B-00C04F79EFBC}") = "UniHumanoid.Editor.Tests", "UniHumanoid.Editor.Tests.csproj", "{88971A86-C1E2-ECED-BBD2-6C0E3B3FBF61}"
EndProject
Project("{FAE04EC0-301F-11D3-BF4B-00C04F79EFBC}") = "VRM.Samples.Editor.Tests", "VRM.Samples.Editor.Tests.csproj", "{992F98CE-B85F-594C-0735-4417DEE3D788}"
EndProject
Global
	GlobalSection(SolutionConfigurationPlatforms) = preSolution
		Debug|Any CPU = Debug|Any CPU
		Release|Any CPU = Release|Any CPU
	EndGlobalSection
	GlobalSection(ProjectConfigurationPlatforms) = postSolution
		{8EB3908D-1B52-08A7-F35B-5668051D964E}.Debug|Any CPU.ActiveCfg = Debug|Any CPU
		{8EB3908D-1B52-08A7-F35B-5668051D964E}.Debug|Any CPU.Build.0 = Debug|Any CPU
		{8EB3908D-1B52-08A7-F35B-5668051D964E}.Release|Any CPU.ActiveCfg = Release|Any CPU
		{8EB3908D-1B52-08A7-F35B-5668051D964E}.Release|Any CPU.Build.0 = Release|Any CPU
		{9454A9B5-6462-89B7-5AFE-BCB98BBA1180}.Debug|Any CPU.ActiveCfg = Debug|Any CPU
		{9454A9B5-6462-89B7-5AFE-BCB98BBA1180}.Debug|Any CPU.Build.0 = Debug|Any CPU
		{9454A9B5-6462-89B7-5AFE-BCB98BBA1180}.Release|Any CPU.ActiveCfg = Release|Any CPU
		{9454A9B5-6462-89B7-5AFE-BCB98BBA1180}.Release|Any CPU.Build.0 = Release|Any CPU
		{2FDDAFE9-4A10-70EE-9443-E40EAE342B9D}.Debug|Any CPU.ActiveCfg = Debug|Any CPU
		{2FDDAFE9-4A10-70EE-9443-E40EAE342B9D}.Debug|Any CPU.Build.0 = Debug|Any CPU
		{2FDDAFE9-4A10-70EE-9443-E40EAE342B9D}.Release|Any CPU.ActiveCfg = Release|Any CPU
		{2FDDAFE9-4A10-70EE-9443-E40EAE342B9D}.Release|Any CPU.Build.0 = Release|Any CPU
		{B843D2E1-7197-F031-B3DB-52BDDB82F58D}.Debug|Any CPU.ActiveCfg = Debug|Any CPU
		{B843D2E1-7197-F031-B3DB-52BDDB82F58D}.Debug|Any CPU.Build.0 = Debug|Any CPU
		{B843D2E1-7197-F031-B3DB-52BDDB82F58D}.Release|Any CPU.ActiveCfg = Release|Any CPU
		{B843D2E1-7197-F031-B3DB-52BDDB82F58D}.Release|Any CPU.Build.0 = Release|Any CPU
		{4AB2BE88-732F-2142-EC53-C6B333F6634F}.Debug|Any CPU.ActiveCfg = Debug|Any CPU
		{4AB2BE88-732F-2142-EC53-C6B333F6634F}.Debug|Any CPU.Build.0 = Debug|Any CPU
		{4AB2BE88-732F-2142-EC53-C6B333F6634F}.Release|Any CPU.ActiveCfg = Release|Any CPU
		{4AB2BE88-732F-2142-EC53-C6B333F6634F}.Release|Any CPU.Build.0 = Release|Any CPU
		{9CD2EDBE-9C70-BFC4-0B53-FCDC0701DCC5}.Debug|Any CPU.ActiveCfg = Debug|Any CPU
		{9CD2EDBE-9C70-BFC4-0B53-FCDC0701DCC5}.Debug|Any CPU.Build.0 = Debug|Any CPU
		{9CD2EDBE-9C70-BFC4-0B53-FCDC0701DCC5}.Release|Any CPU.ActiveCfg = Release|Any CPU
		{9CD2EDBE-9C70-BFC4-0B53-FCDC0701DCC5}.Release|Any CPU.Build.0 = Release|Any CPU
		{CE6C1DA3-29F1-888C-207F-4F5A7298A843}.Debug|Any CPU.ActiveCfg = Debug|Any CPU
		{CE6C1DA3-29F1-888C-207F-4F5A7298A843}.Debug|Any CPU.Build.0 = Debug|Any CPU
		{CE6C1DA3-29F1-888C-207F-4F5A7298A843}.Release|Any CPU.ActiveCfg = Release|Any CPU
		{CE6C1DA3-29F1-888C-207F-4F5A7298A843}.Release|Any CPU.Build.0 = Release|Any CPU
		{CF2A9BAD-29BD-86BB-2BA3-3928982B8CB3}.Debug|Any CPU.ActiveCfg = Debug|Any CPU
		{CF2A9BAD-29BD-86BB-2BA3-3928982B8CB3}.Debug|Any CPU.Build.0 = Debug|Any CPU
		{CF2A9BAD-29BD-86BB-2BA3-3928982B8CB3}.Release|Any CPU.ActiveCfg = Release|Any CPU
		{CF2A9BAD-29BD-86BB-2BA3-3928982B8CB3}.Release|Any CPU.Build.0 = Release|Any CPU
		{50D08B57-15C9-BACC-91CC-D1E26964EDB1}.Debug|Any CPU.ActiveCfg = Debug|Any CPU
		{50D08B57-15C9-BACC-91CC-D1E26964EDB1}.Debug|Any CPU.Build.0 = Debug|Any CPU
		{50D08B57-15C9-BACC-91CC-D1E26964EDB1}.Release|Any CPU.ActiveCfg = Release|Any CPU
		{50D08B57-15C9-BACC-91CC-D1E26964EDB1}.Release|Any CPU.Build.0 = Release|Any CPU
		{82A7F296-5A99-A0A9-4AA3-8215EBD94CDF}.Debug|Any CPU.ActiveCfg = Debug|Any CPU
		{82A7F296-5A99-A0A9-4AA3-8215EBD94CDF}.Debug|Any CPU.Build.0 = Debug|Any CPU
		{82A7F296-5A99-A0A9-4AA3-8215EBD94CDF}.Release|Any CPU.ActiveCfg = Release|Any CPU
		{82A7F296-5A99-A0A9-4AA3-8215EBD94CDF}.Release|Any CPU.Build.0 = Release|Any CPU
		{EB867A40-8578-6992-7497-DB66719DFDB8}.Debug|Any CPU.ActiveCfg = Debug|Any CPU
		{EB867A40-8578-6992-7497-DB66719DFDB8}.Debug|Any CPU.Build.0 = Debug|Any CPU
		{EB867A40-8578-6992-7497-DB66719DFDB8}.Release|Any CPU.ActiveCfg = Release|Any CPU
		{EB867A40-8578-6992-7497-DB66719DFDB8}.Release|Any CPU.Build.0 = Release|Any CPU
		{46FF6B9C-3AE4-8F0D-9FB8-C143A6E1795A}.Debug|Any CPU.ActiveCfg = Debug|Any CPU
		{46FF6B9C-3AE4-8F0D-9FB8-C143A6E1795A}.Debug|Any CPU.Build.0 = Debug|Any CPU
		{46FF6B9C-3AE4-8F0D-9FB8-C143A6E1795A}.Release|Any CPU.ActiveCfg = Release|Any CPU
		{46FF6B9C-3AE4-8F0D-9FB8-C143A6E1795A}.Release|Any CPU.Build.0 = Release|Any CPU
		{99BD5236-9D99-CC0A-C48C-BD32D68CBD48}.Debug|Any CPU.ActiveCfg = Debug|Any CPU
		{99BD5236-9D99-CC0A-C48C-BD32D68CBD48}.Debug|Any CPU.Build.0 = Debug|Any CPU
		{99BD5236-9D99-CC0A-C48C-BD32D68CBD48}.Release|Any CPU.ActiveCfg = Release|Any CPU
		{99BD5236-9D99-CC0A-C48C-BD32D68CBD48}.Release|Any CPU.Build.0 = Release|Any CPU
		{1B0A98C7-E7E2-B5D2-78BE-7A9D01314721}.Debug|Any CPU.ActiveCfg = Debug|Any CPU
		{1B0A98C7-E7E2-B5D2-78BE-7A9D01314721}.Debug|Any CPU.Build.0 = Debug|Any CPU
		{1B0A98C7-E7E2-B5D2-78BE-7A9D01314721}.Release|Any CPU.ActiveCfg = Release|Any CPU
		{1B0A98C7-E7E2-B5D2-78BE-7A9D01314721}.Release|Any CPU.Build.0 = Release|Any CPU
		{0C04ADCB-8BE8-F2EA-C66D-7162EC75DB52}.Debug|Any CPU.ActiveCfg = Debug|Any CPU
		{0C04ADCB-8BE8-F2EA-C66D-7162EC75DB52}.Debug|Any CPU.Build.0 = Debug|Any CPU
		{0C04ADCB-8BE8-F2EA-C66D-7162EC75DB52}.Release|Any CPU.ActiveCfg = Release|Any CPU
		{0C04ADCB-8BE8-F2EA-C66D-7162EC75DB52}.Release|Any CPU.Build.0 = Release|Any CPU
		{CC1E463A-F95A-EDB3-5776-302CA1DBF1E8}.Debug|Any CPU.ActiveCfg = Debug|Any CPU
		{CC1E463A-F95A-EDB3-5776-302CA1DBF1E8}.Debug|Any CPU.Build.0 = Debug|Any CPU
		{CC1E463A-F95A-EDB3-5776-302CA1DBF1E8}.Release|Any CPU.ActiveCfg = Release|Any CPU
		{CC1E463A-F95A-EDB3-5776-302CA1DBF1E8}.Release|Any CPU.Build.0 = Release|Any CPU
		{6DB28846-E3C3-E413-E1E0-3D07FCC060A1}.Debug|Any CPU.ActiveCfg = Debug|Any CPU
		{6DB28846-E3C3-E413-E1E0-3D07FCC060A1}.Debug|Any CPU.Build.0 = Debug|Any CPU
		{6DB28846-E3C3-E413-E1E0-3D07FCC060A1}.Release|Any CPU.ActiveCfg = Release|Any CPU
		{6DB28846-E3C3-E413-E1E0-3D07FCC060A1}.Release|Any CPU.Build.0 = Release|Any CPU
		{05B97C50-913E-386D-73CE-DA60B4102402}.Debug|Any CPU.ActiveCfg = Debug|Any CPU
		{05B97C50-913E-386D-73CE-DA60B4102402}.Debug|Any CPU.Build.0 = Debug|Any CPU
		{05B97C50-913E-386D-73CE-DA60B4102402}.Release|Any CPU.ActiveCfg = Release|Any CPU
		{05B97C50-913E-386D-73CE-DA60B4102402}.Release|Any CPU.Build.0 = Release|Any CPU
		{C97A6B51-8151-BCE9-C130-017621BBF81E}.Debug|Any CPU.ActiveCfg = Debug|Any CPU
		{C97A6B51-8151-BCE9-C130-017621BBF81E}.Debug|Any CPU.Build.0 = Debug|Any CPU
		{C97A6B51-8151-BCE9-C130-017621BBF81E}.Release|Any CPU.ActiveCfg = Release|Any CPU
		{C97A6B51-8151-BCE9-C130-017621BBF81E}.Release|Any CPU.Build.0 = Release|Any CPU
		{57C35BA6-5904-F515-7C34-716BA3C001A2}.Debug|Any CPU.ActiveCfg = Debug|Any CPU
		{57C35BA6-5904-F515-7C34-716BA3C001A2}.Debug|Any CPU.Build.0 = Debug|Any CPU
		{57C35BA6-5904-F515-7C34-716BA3C001A2}.Release|Any CPU.ActiveCfg = Release|Any CPU
		{57C35BA6-5904-F515-7C34-716BA3C001A2}.Release|Any CPU.Build.0 = Release|Any CPU
		{69D35A8C-36D9-A348-FB90-CD4A6992D266}.Debug|Any CPU.ActiveCfg = Debug|Any CPU
		{69D35A8C-36D9-A348-FB90-CD4A6992D266}.Debug|Any CPU.Build.0 = Debug|Any CPU
		{69D35A8C-36D9-A348-FB90-CD4A6992D266}.Release|Any CPU.ActiveCfg = Release|Any CPU
		{69D35A8C-36D9-A348-FB90-CD4A6992D266}.Release|Any CPU.Build.0 = Release|Any CPU
		{3101D49A-1393-504F-BC4B-955BEE96CFA2}.Debug|Any CPU.ActiveCfg = Debug|Any CPU
		{3101D49A-1393-504F-BC4B-955BEE96CFA2}.Debug|Any CPU.Build.0 = Debug|Any CPU
		{3101D49A-1393-504F-BC4B-955BEE96CFA2}.Release|Any CPU.ActiveCfg = Release|Any CPU
		{3101D49A-1393-504F-BC4B-955BEE96CFA2}.Release|Any CPU.Build.0 = Release|Any CPU
		{19B09E7A-B115-1791-86E9-81F75B808589}.Debug|Any CPU.ActiveCfg = Debug|Any CPU
		{19B09E7A-B115-1791-86E9-81F75B808589}.Debug|Any CPU.Build.0 = Debug|Any CPU
		{19B09E7A-B115-1791-86E9-81F75B808589}.Release|Any CPU.ActiveCfg = Release|Any CPU
		{19B09E7A-B115-1791-86E9-81F75B808589}.Release|Any CPU.Build.0 = Release|Any CPU
		{EADC3DA0-B30E-5844-0248-876E6C939891}.Debug|Any CPU.ActiveCfg = Debug|Any CPU
		{EADC3DA0-B30E-5844-0248-876E6C939891}.Debug|Any CPU.Build.0 = Debug|Any CPU
		{EADC3DA0-B30E-5844-0248-876E6C939891}.Release|Any CPU.ActiveCfg = Release|Any CPU
		{EADC3DA0-B30E-5844-0248-876E6C939891}.Release|Any CPU.Build.0 = Release|Any CPU
		{F5BDD4E7-D867-A53A-47A4-91A4FBD7674C}.Debug|Any CPU.ActiveCfg = Debug|Any CPU
		{F5BDD4E7-D867-A53A-47A4-91A4FBD7674C}.Debug|Any CPU.Build.0 = Debug|Any CPU
		{F5BDD4E7-D867-A53A-47A4-91A4FBD7674C}.Release|Any CPU.ActiveCfg = Release|Any CPU
		{F5BDD4E7-D867-A53A-47A4-91A4FBD7674C}.Release|Any CPU.Build.0 = Release|Any CPU
		{4913742A-1F7A-43E3-D22C-3CCEA3481FEF}.Debug|Any CPU.ActiveCfg = Debug|Any CPU
		{4913742A-1F7A-43E3-D22C-3CCEA3481FEF}.Debug|Any CPU.Build.0 = Debug|Any CPU
		{4913742A-1F7A-43E3-D22C-3CCEA3481FEF}.Release|Any CPU.ActiveCfg = Release|Any CPU
		{4913742A-1F7A-43E3-D22C-3CCEA3481FEF}.Release|Any CPU.Build.0 = Release|Any CPU
		{D79AB563-AB54-4424-E9A7-8E8C4139793C}.Debug|Any CPU.ActiveCfg = Debug|Any CPU
		{D79AB563-AB54-4424-E9A7-8E8C4139793C}.Debug|Any CPU.Build.0 = Debug|Any CPU
		{D79AB563-AB54-4424-E9A7-8E8C4139793C}.Release|Any CPU.ActiveCfg = Release|Any CPU
		{D79AB563-AB54-4424-E9A7-8E8C4139793C}.Release|Any CPU.Build.0 = Release|Any CPU
		{3424F84D-B41F-FE00-3223-798C57462252}.Debug|Any CPU.ActiveCfg = Debug|Any CPU
		{3424F84D-B41F-FE00-3223-798C57462252}.Debug|Any CPU.Build.0 = Debug|Any CPU
		{3424F84D-B41F-FE00-3223-798C57462252}.Release|Any CPU.ActiveCfg = Release|Any CPU
		{3424F84D-B41F-FE00-3223-798C57462252}.Release|Any CPU.Build.0 = Release|Any CPU
		{8A0E8985-E7FA-A1B2-C801-034123220ABB}.Debug|Any CPU.ActiveCfg = Debug|Any CPU
		{8A0E8985-E7FA-A1B2-C801-034123220ABB}.Debug|Any CPU.Build.0 = Debug|Any CPU
		{8A0E8985-E7FA-A1B2-C801-034123220ABB}.Release|Any CPU.ActiveCfg = Release|Any CPU
		{8A0E8985-E7FA-A1B2-C801-034123220ABB}.Release|Any CPU.Build.0 = Release|Any CPU
		{D2BF04BC-2D74-1EEA-0F84-AC6593FFA9A6}.Debug|Any CPU.ActiveCfg = Debug|Any CPU
		{D2BF04BC-2D74-1EEA-0F84-AC6593FFA9A6}.Debug|Any CPU.Build.0 = Debug|Any CPU
		{D2BF04BC-2D74-1EEA-0F84-AC6593FFA9A6}.Release|Any CPU.ActiveCfg = Release|Any CPU
		{D2BF04BC-2D74-1EEA-0F84-AC6593FFA9A6}.Release|Any CPU.Build.0 = Release|Any CPU
		{FAD7F670-12E2-4498-740C-7D0D24864661}.Debug|Any CPU.ActiveCfg = Debug|Any CPU
		{FAD7F670-12E2-4498-740C-7D0D24864661}.Debug|Any CPU.Build.0 = Debug|Any CPU
		{FAD7F670-12E2-4498-740C-7D0D24864661}.Release|Any CPU.ActiveCfg = Release|Any CPU
		{FAD7F670-12E2-4498-740C-7D0D24864661}.Release|Any CPU.Build.0 = Release|Any CPU
		{DFD52635-2929-040A-8344-70C9BCDD901D}.Debug|Any CPU.ActiveCfg = Debug|Any CPU
		{DFD52635-2929-040A-8344-70C9BCDD901D}.Debug|Any CPU.Build.0 = Debug|Any CPU
		{DFD52635-2929-040A-8344-70C9BCDD901D}.Release|Any CPU.ActiveCfg = Release|Any CPU
		{DFD52635-2929-040A-8344-70C9BCDD901D}.Release|Any CPU.Build.0 = Release|Any CPU
		{A41664B7-882E-8962-406A-C227B5CD28DF}.Debug|Any CPU.ActiveCfg = Debug|Any CPU
		{A41664B7-882E-8962-406A-C227B5CD28DF}.Debug|Any CPU.Build.0 = Debug|Any CPU
		{A41664B7-882E-8962-406A-C227B5CD28DF}.Release|Any CPU.ActiveCfg = Release|Any CPU
		{A41664B7-882E-8962-406A-C227B5CD28DF}.Release|Any CPU.Build.0 = Release|Any CPU
		{F6D8BE68-7491-C5EC-EEAE-F3E0262CE7CC}.Debug|Any CPU.ActiveCfg = Debug|Any CPU
		{F6D8BE68-7491-C5EC-EEAE-F3E0262CE7CC}.Debug|Any CPU.Build.0 = Debug|Any CPU
		{F6D8BE68-7491-C5EC-EEAE-F3E0262CE7CC}.Release|Any CPU.ActiveCfg = Release|Any CPU
		{F6D8BE68-7491-C5EC-EEAE-F3E0262CE7CC}.Release|Any CPU.Build.0 = Release|Any CPU
		{93B01798-D636-EBA4-FBF4-226551C7BA54}.Debug|Any CPU.ActiveCfg = Debug|Any CPU
		{93B01798-D636-EBA4-FBF4-226551C7BA54}.Debug|Any CPU.Build.0 = Debug|Any CPU
		{93B01798-D636-EBA4-FBF4-226551C7BA54}.Release|Any CPU.ActiveCfg = Release|Any CPU
		{93B01798-D636-EBA4-FBF4-226551C7BA54}.Release|Any CPU.Build.0 = Release|Any CPU
		{7B756D2A-DF90-FFEB-0A87-85F9B6658BD1}.Debug|Any CPU.ActiveCfg = Debug|Any CPU
		{7B756D2A-DF90-FFEB-0A87-85F9B6658BD1}.Debug|Any CPU.Build.0 = Debug|Any CPU
		{7B756D2A-DF90-FFEB-0A87-85F9B6658BD1}.Release|Any CPU.ActiveCfg = Release|Any CPU
		{7B756D2A-DF90-FFEB-0A87-85F9B6658BD1}.Release|Any CPU.Build.0 = Release|Any CPU
		{A1FC9C6F-E702-8452-E76A-59625F4170BA}.Debug|Any CPU.ActiveCfg = Debug|Any CPU
		{A1FC9C6F-E702-8452-E76A-59625F4170BA}.Debug|Any CPU.Build.0 = Debug|Any CPU
		{A1FC9C6F-E702-8452-E76A-59625F4170BA}.Release|Any CPU.ActiveCfg = Release|Any CPU
		{A1FC9C6F-E702-8452-E76A-59625F4170BA}.Release|Any CPU.Build.0 = Release|Any CPU
		{606725A1-6FC1-3C81-A97E-01AF864E4951}.Debug|Any CPU.ActiveCfg = Debug|Any CPU
		{606725A1-6FC1-3C81-A97E-01AF864E4951}.Debug|Any CPU.Build.0 = Debug|Any CPU
		{606725A1-6FC1-3C81-A97E-01AF864E4951}.Release|Any CPU.ActiveCfg = Release|Any CPU
		{606725A1-6FC1-3C81-A97E-01AF864E4951}.Release|Any CPU.Build.0 = Release|Any CPU
		{88971A86-C1E2-ECED-BBD2-6C0E3B3FBF61}.Debug|Any CPU.ActiveCfg = Debug|Any CPU
		{88971A86-C1E2-ECED-BBD2-6C0E3B3FBF61}.Debug|Any CPU.Build.0 = Debug|Any CPU
		{88971A86-C1E2-ECED-BBD2-6C0E3B3FBF61}.Release|Any CPU.ActiveCfg = Release|Any CPU
		{88971A86-C1E2-ECED-BBD2-6C0E3B3FBF61}.Release|Any CPU.Build.0 = Release|Any CPU
		{992F98CE-B85F-594C-0735-4417DEE3D788}.Debug|Any CPU.ActiveCfg = Debug|Any CPU
		{992F98CE-B85F-594C-0735-4417DEE3D788}.Debug|Any CPU.Build.0 = Debug|Any CPU
		{992F98CE-B85F-594C-0735-4417DEE3D788}.Release|Any CPU.ActiveCfg = Release|Any CPU
		{992F98CE-B85F-594C-0735-4417DEE3D788}.Release|Any CPU.Build.0 = Release|Any CPU
	EndGlobalSection
	GlobalSection(SolutionProperties) = preSolution
		HideSolutionNode = FALSE
	EndGlobalSection
EndGlobal
