
Microsoft Visual Studio Solution File, Format Version 12.00
# Visual Studio 15
Project("{FAE04EC0-301F-11D3-BF4B-00C04F79EFBC}") = "UniGLTF", "UniGLTF.csproj", "{96975ECA-BCC6-DABE-413F-3CDE16042593}"
EndProject
Project("{FAE04EC0-301F-11D3-BF4B-00C04F79EFBC}") = "VRMShaders.GLTF.IO.Runtime", "VRMShaders.GLTF.IO.Runtime.csproj", "{1B8D0558-F430-26E6-3E28-80C078966EA3}"
EndProject
Project("{FAE04EC0-301F-11D3-BF4B-00C04F79EFBC}") = "VRMShaders.VRM10.MToon10.Runtime", "VRMShaders.VRM10.MToon10.Runtime.csproj", "{10634D3F-BB85-EFF2-EE10-84C2ADEA94AE}"
EndProject
Project("{FAE04EC0-301F-11D3-BF4B-00C04F79EFBC}") = "PhotonUnityNetworking.Demos", "PhotonUnityNetworking.Demos.csproj", "{87F96E9E-7386-A119-C876-8FB4496C7E59}"
EndProject
Project("{FAE04EC0-301F-11D3-BF4B-00C04F79EFBC}") = "PhotonRealtime", "PhotonRealtime.csproj", "{DBE56EB7-96EE-534C-EE17-92BEFB69A971}"
EndProject
Project("{FAE04EC0-301F-11D3-BF4B-00C04F79EFBC}") = "PhotonUnityNetworking", "PhotonUnityNetworking.csproj", "{6A85513D-29AB-0D5A-3366-3284BA49DC2E}"
EndProject
Project("{FAE04EC0-301F-11D3-BF4B-00C04F79EFBC}") = "Assembly-CSharp", "Assembly-CSharp.csproj", "{777AFCBE-B01A-4749-5EAD-272BA49F49D6}"
EndProject
Project("{FAE04EC0-301F-11D3-BF4B-00C04F79EFBC}") = "PhotonUnityNetworking.Utilities", "PhotonUnityNetworking.Utilities.csproj", "{087D3DE6-B218-BF8E-95C8-655274FE5B33}"
EndProject
Project("{FAE04EC0-301F-11D3-BF4B-00C04F79EFBC}") = "FastSpringBone", "FastSpringBone.csproj", "{EB8E216B-17D6-BA03-9DE8-38B16E3D90DE}"
EndProject
Project("{FAE04EC0-301F-11D3-BF4B-00C04F79EFBC}") = "VRM", "VRM.csproj", "{A7A407A8-65F3-F106-ABE5-49DC15412C67}"
EndProject
Project("{FAE04EC0-301F-11D3-BF4B-00C04F79EFBC}") = "PhotonChat", "PhotonChat.csproj", "{E0E3B0A9-7ADD-8DB5-03D4-8F86E48F28B5}"
EndProject
Project("{FAE04EC0-301F-11D3-BF4B-00C04F79EFBC}") = "MToon", "MToon.csproj", "{77A50BB6-8FC8-D960-AE59-83D735FEA4E4}"
EndProject
Project("{FAE04EC0-301F-11D3-BF4B-00C04F79EFBC}") = "VRMShaders.VRM10.Format.Runtime", "VRMShaders.VRM10.Format.Runtime.csproj", "{3F68AF36-2C3A-B78E-0014-EF3516BD8A67}"
EndProject
Project("{FAE04EC0-301F-11D3-BF4B-00C04F79EFBC}") = "UniHumanoid", "UniHumanoid.csproj", "{3BC4E9A1-4B90-E9A3-28BF-B0296995150A}"
EndProject
Project("{FAE04EC0-301F-11D3-BF4B-00C04F79EFBC}") = "UniGLTF.Utils", "UniGLTF.Utils.csproj", "{443EE2FE-6D4E-B718-159C-BFCF01B289ED}"
EndProject
Project("{FAE04EC0-301F-11D3-BF4B-00C04F79EFBC}") = "VRMShaders.GLTF.UniUnlit.Runtime", "VRMShaders.GLTF.UniUnlit.Runtime.csproj", "{65E50647-A9B9-81D6-B2E6-39E70DEE5223}"
EndProject
Project("{FAE04EC0-301F-11D3-BF4B-00C04F79EFBC}") = "VRMShaders.VRM.IO.Runtime", "VRMShaders.VRM.IO.Runtime.csproj", "{3F6BA386-7ADC-EC59-1C41-62802989E0AF}"
EndProject
Project("{FAE04EC0-301F-11D3-BF4B-00C04F79EFBC}") = "VRMShaders.GLTF.IO.Tests", "VRMShaders.GLTF.IO.Tests.csproj", "{CF25E65B-9F91-F8A8-DBC0-3A722C2ADC28}"
EndProject
Project("{FAE04EC0-301F-11D3-BF4B-00C04F79EFBC}") = "PhotonUnityNetworking.Editor", "PhotonUnityNetworking.Editor.csproj", "{1F570C6A-6B98-1C7A-0430-9F5A3EA9DFE7}"
EndProject
Project("{FAE04EC0-301F-11D3-BF4B-00C04F79EFBC}") = "UniGLTF.Tests", "UniGLTF.Tests.csproj", "{899C0209-03E5-9856-7B3E-88AD6CDB070B}"
EndProject
Project("{FAE04EC0-301F-11D3-BF4B-00C04F79EFBC}") = "VRMShaders.GLTF.UniUnlit.Editor", "VRMShaders.GLTF.UniUnlit.Editor.csproj", "{498C41EE-760D-E678-049B-4D625D049DED}"
EndProject
Project("{FAE04EC0-301F-11D3-BF4B-00C04F79EFBC}") = "VRM.Tests", "VRM.Tests.csproj", "{04828628-4DCB-24B0-BB23-FBB5A8C3F45B}"
EndProject
Project("{FAE04EC0-301F-11D3-BF4B-00C04F79EFBC}") = "UniGLTF.Editor", "UniGLTF.Editor.csproj", "{020B433F-2EE1-321D-2358-EBD1DF5BBAB8}"
EndProject
Project("{FAE04EC0-301F-11D3-BF4B-00C04F79EFBC}") = "UniVRM.Editor", "UniVRM.Editor.csproj", "{B0512E30-104E-D742-829D-DEBAC9D8A8AC}"
EndProject
Project("{FAE04EC0-301F-11D3-BF4B-00C04F79EFBC}") = "UniHumanoid.Editor", "UniHumanoid.Editor.csproj", "{420C6756-8704-D174-1B2B-9C16B3BA6601}"
EndProject
Project("{FAE04EC0-301F-11D3-BF4B-00C04F79EFBC}") = "PhotonUnityNetworking.Utilities.PhotonPlayer.Editor", "PhotonUnityNetworking.Utilities.PhotonPlayer.Editor.csproj", "{5462B1D8-4ADC-A1C6-A3CA-5FA29E622AF0}"
EndProject
Project("{FAE04EC0-301F-11D3-BF4B-00C04F79EFBC}") = "VRMShaders.VRM10.MToon10.Editor", "VRMShaders.VRM10.MToon10.Editor.csproj", "{056AA4FC-9A5F-3697-3D31-FF1394705624}"
EndProject
Project("{FAE04EC0-301F-11D3-BF4B-00C04F79EFBC}") = "VRMShaders.GLTF.IO.Editor", "VRMShaders.GLTF.IO.Editor.csproj", "{FB9AB14B-B0A5-35F7-D94C-97B966BD86C9}"
EndProject
Project("{FAE04EC0-301F-11D3-BF4B-00C04F79EFBC}") = "MToon.Editor", "MToon.Editor.csproj", "{D8EF1251-BEC0-F3E7-C1B8-6E83C7F8AD84}"
EndProject
Project("{FAE04EC0-301F-11D3-BF4B-00C04F79EFBC}") = "PunDemos.DemoSlotcarEditor", "PunDemos.DemoSlotcarEditor.csproj", "{FB0182A5-FB44-605F-697E-221DEE32DE73}"
EndProject
Project("{FAE04EC0-301F-11D3-BF4B-00C04F79EFBC}") = "PhotonUnityNetworking.Utilities.Culling.Editor", "PhotonUnityNetworking.Utilities.Culling.Editor.csproj", "{ED4328FA-65CA-F1E6-CCE0-60DCA8CFDAA9}"
EndProject
Project("{FAE04EC0-301F-11D3-BF4B-00C04F79EFBC}") = "PunDemos.DemoHubEditor", "PunDemos.DemoHubEditor.csproj", "{D38863AB-6193-83EB-B5AD-8D7FD493F709}"
EndProject
Project("{FAE04EC0-301F-11D3-BF4B-00C04F79EFBC}") = "VRMShaders.VRM10.MToon10.Tests", "VRMShaders.VRM10.MToon10.Tests.csproj", "{0F7C40C2-862F-35FA-FD62-23B884EE8009}"
EndProject
Project("{FAE04EC0-301F-11D3-BF4B-00C04F79EFBC}") = "UniHumanoid.Editor.Tests", "UniHumanoid.Editor.Tests.csproj", "{A6E20822-FE84-3241-3183-BB89A4861A83}"
EndProject
Project("{FAE04EC0-301F-11D3-BF4B-00C04F79EFBC}") = "VRM.Samples.Editor.Tests", "VRM.Samples.Editor.Tests.csproj", "{FCA3EE5B-F177-FC3A-91D2-BA7009A8DF3E}"
EndProject
Project("{FAE04EC0-301F-11D3-BF4B-00C04F79EFBC}") = "Assembly-CSharp-Editor", "Assembly-CSharp-Editor.csproj", "{DCE5B948-F85F-4952-8DE7-8B7ECB34F616}"
EndProject
Global
	GlobalSection(SolutionConfigurationPlatforms) = preSolution
		Debug|Any CPU = Debug|Any CPU
		Release|Any CPU = Release|Any CPU
	EndGlobalSection
	GlobalSection(ProjectConfigurationPlatforms) = postSolution
		{96975ECA-BCC6-DABE-413F-3CDE16042593}.Debug|Any CPU.ActiveCfg = Debug|Any CPU
		{96975ECA-BCC6-DABE-413F-3CDE16042593}.Debug|Any CPU.Build.0 = Debug|Any CPU
		{96975ECA-BCC6-DABE-413F-3CDE16042593}.Release|Any CPU.ActiveCfg = Release|Any CPU
		{96975ECA-BCC6-DABE-413F-3CDE16042593}.Release|Any CPU.Build.0 = Release|Any CPU
		{1B8D0558-F430-26E6-3E28-80C078966EA3}.Debug|Any CPU.ActiveCfg = Debug|Any CPU
		{1B8D0558-F430-26E6-3E28-80C078966EA3}.Debug|Any CPU.Build.0 = Debug|Any CPU
		{1B8D0558-F430-26E6-3E28-80C078966EA3}.Release|Any CPU.ActiveCfg = Release|Any CPU
		{1B8D0558-F430-26E6-3E28-80C078966EA3}.Release|Any CPU.Build.0 = Release|Any CPU
		{10634D3F-BB85-EFF2-EE10-84C2ADEA94AE}.Debug|Any CPU.ActiveCfg = Debug|Any CPU
		{10634D3F-BB85-EFF2-EE10-84C2ADEA94AE}.Debug|Any CPU.Build.0 = Debug|Any CPU
		{10634D3F-BB85-EFF2-EE10-84C2ADEA94AE}.Release|Any CPU.ActiveCfg = Release|Any CPU
		{10634D3F-BB85-EFF2-EE10-84C2ADEA94AE}.Release|Any CPU.Build.0 = Release|Any CPU
		{87F96E9E-7386-A119-C876-8FB4496C7E59}.Debug|Any CPU.ActiveCfg = Debug|Any CPU
		{87F96E9E-7386-A119-C876-8FB4496C7E59}.Debug|Any CPU.Build.0 = Debug|Any CPU
		{87F96E9E-7386-A119-C876-8FB4496C7E59}.Release|Any CPU.ActiveCfg = Release|Any CPU
		{87F96E9E-7386-A119-C876-8FB4496C7E59}.Release|Any CPU.Build.0 = Release|Any CPU
		{DBE56EB7-96EE-534C-EE17-92BEFB69A971}.Debug|Any CPU.ActiveCfg = Debug|Any CPU
		{DBE56EB7-96EE-534C-EE17-92BEFB69A971}.Debug|Any CPU.Build.0 = Debug|Any CPU
		{DBE56EB7-96EE-534C-EE17-92BEFB69A971}.Release|Any CPU.ActiveCfg = Release|Any CPU
		{DBE56EB7-96EE-534C-EE17-92BEFB69A971}.Release|Any CPU.Build.0 = Release|Any CPU
		{6A85513D-29AB-0D5A-3366-3284BA49DC2E}.Debug|Any CPU.ActiveCfg = Debug|Any CPU
		{6A85513D-29AB-0D5A-3366-3284BA49DC2E}.Debug|Any CPU.Build.0 = Debug|Any CPU
		{6A85513D-29AB-0D5A-3366-3284BA49DC2E}.Release|Any CPU.ActiveCfg = Release|Any CPU
		{6A85513D-29AB-0D5A-3366-3284BA49DC2E}.Release|Any CPU.Build.0 = Release|Any CPU
		{777AFCBE-B01A-4749-5EAD-272BA49F49D6}.Debug|Any CPU.ActiveCfg = Debug|Any CPU
		{777AFCBE-B01A-4749-5EAD-272BA49F49D6}.Debug|Any CPU.Build.0 = Debug|Any CPU
		{777AFCBE-B01A-4749-5EAD-272BA49F49D6}.Release|Any CPU.ActiveCfg = Release|Any CPU
		{777AFCBE-B01A-4749-5EAD-272BA49F49D6}.Release|Any CPU.Build.0 = Release|Any CPU
		{087D3DE6-B218-BF8E-95C8-655274FE5B33}.Debug|Any CPU.ActiveCfg = Debug|Any CPU
		{087D3DE6-B218-BF8E-95C8-655274FE5B33}.Debug|Any CPU.Build.0 = Debug|Any CPU
		{087D3DE6-B218-BF8E-95C8-655274FE5B33}.Release|Any CPU.ActiveCfg = Release|Any CPU
		{087D3DE6-B218-BF8E-95C8-655274FE5B33}.Release|Any CPU.Build.0 = Release|Any CPU
		{EB8E216B-17D6-BA03-9DE8-38B16E3D90DE}.Debug|Any CPU.ActiveCfg = Debug|Any CPU
		{EB8E216B-17D6-BA03-9DE8-38B16E3D90DE}.Debug|Any CPU.Build.0 = Debug|Any CPU
		{EB8E216B-17D6-BA03-9DE8-38B16E3D90DE}.Release|Any CPU.ActiveCfg = Release|Any CPU
		{EB8E216B-17D6-BA03-9DE8-38B16E3D90DE}.Release|Any CPU.Build.0 = Release|Any CPU
		{A7A407A8-65F3-F106-ABE5-49DC15412C67}.Debug|Any CPU.ActiveCfg = Debug|Any CPU
		{A7A407A8-65F3-F106-ABE5-49DC15412C67}.Debug|Any CPU.Build.0 = Debug|Any CPU
		{A7A407A8-65F3-F106-ABE5-49DC15412C67}.Release|Any CPU.ActiveCfg = Release|Any CPU
		{A7A407A8-65F3-F106-ABE5-49DC15412C67}.Release|Any CPU.Build.0 = Release|Any CPU
		{E0E3B0A9-7ADD-8DB5-03D4-8F86E48F28B5}.Debug|Any CPU.ActiveCfg = Debug|Any CPU
		{E0E3B0A9-7ADD-8DB5-03D4-8F86E48F28B5}.Debug|Any CPU.Build.0 = Debug|Any CPU
		{E0E3B0A9-7ADD-8DB5-03D4-8F86E48F28B5}.Release|Any CPU.ActiveCfg = Release|Any CPU
		{E0E3B0A9-7ADD-8DB5-03D4-8F86E48F28B5}.Release|Any CPU.Build.0 = Release|Any CPU
		{77A50BB6-8FC8-D960-AE59-83D735FEA4E4}.Debug|Any CPU.ActiveCfg = Debug|Any CPU
		{77A50BB6-8FC8-D960-AE59-83D735FEA4E4}.Debug|Any CPU.Build.0 = Debug|Any CPU
		{77A50BB6-8FC8-D960-AE59-83D735FEA4E4}.Release|Any CPU.ActiveCfg = Release|Any CPU
		{77A50BB6-8FC8-D960-AE59-83D735FEA4E4}.Release|Any CPU.Build.0 = Release|Any CPU
		{3F68AF36-2C3A-B78E-0014-EF3516BD8A67}.Debug|Any CPU.ActiveCfg = Debug|Any CPU
		{3F68AF36-2C3A-B78E-0014-EF3516BD8A67}.Debug|Any CPU.Build.0 = Debug|Any CPU
		{3F68AF36-2C3A-B78E-0014-EF3516BD8A67}.Release|Any CPU.ActiveCfg = Release|Any CPU
		{3F68AF36-2C3A-B78E-0014-EF3516BD8A67}.Release|Any CPU.Build.0 = Release|Any CPU
		{3BC4E9A1-4B90-E9A3-28BF-B0296995150A}.Debug|Any CPU.ActiveCfg = Debug|Any CPU
		{3BC4E9A1-4B90-E9A3-28BF-B0296995150A}.Debug|Any CPU.Build.0 = Debug|Any CPU
		{3BC4E9A1-4B90-E9A3-28BF-B0296995150A}.Release|Any CPU.ActiveCfg = Release|Any CPU
		{3BC4E9A1-4B90-E9A3-28BF-B0296995150A}.Release|Any CPU.Build.0 = Release|Any CPU
		{443EE2FE-6D4E-B718-159C-BFCF01B289ED}.Debug|Any CPU.ActiveCfg = Debug|Any CPU
		{443EE2FE-6D4E-B718-159C-BFCF01B289ED}.Debug|Any CPU.Build.0 = Debug|Any CPU
		{443EE2FE-6D4E-B718-159C-BFCF01B289ED}.Release|Any CPU.ActiveCfg = Release|Any CPU
		{443EE2FE-6D4E-B718-159C-BFCF01B289ED}.Release|Any CPU.Build.0 = Release|Any CPU
		{65E50647-A9B9-81D6-B2E6-39E70DEE5223}.Debug|Any CPU.ActiveCfg = Debug|Any CPU
		{65E50647-A9B9-81D6-B2E6-39E70DEE5223}.Debug|Any CPU.Build.0 = Debug|Any CPU
		{65E50647-A9B9-81D6-B2E6-39E70DEE5223}.Release|Any CPU.ActiveCfg = Release|Any CPU
		{65E50647-A9B9-81D6-B2E6-39E70DEE5223}.Release|Any CPU.Build.0 = Release|Any CPU
		{3F6BA386-7ADC-EC59-1C41-62802989E0AF}.Debug|Any CPU.ActiveCfg = Debug|Any CPU
		{3F6BA386-7ADC-EC59-1C41-62802989E0AF}.Debug|Any CPU.Build.0 = Debug|Any CPU
		{3F6BA386-7ADC-EC59-1C41-62802989E0AF}.Release|Any CPU.ActiveCfg = Release|Any CPU
		{3F6BA386-7ADC-EC59-1C41-62802989E0AF}.Release|Any CPU.Build.0 = Release|Any CPU
		{CF25E65B-9F91-F8A8-DBC0-3A722C2ADC28}.Debug|Any CPU.ActiveCfg = Debug|Any CPU
		{CF25E65B-9F91-F8A8-DBC0-3A722C2ADC28}.Debug|Any CPU.Build.0 = Debug|Any CPU
		{CF25E65B-9F91-F8A8-DBC0-3A722C2ADC28}.Release|Any CPU.ActiveCfg = Release|Any CPU
		{CF25E65B-9F91-F8A8-DBC0-3A722C2ADC28}.Release|Any CPU.Build.0 = Release|Any CPU
		{1F570C6A-6B98-1C7A-0430-9F5A3EA9DFE7}.Debug|Any CPU.ActiveCfg = Debug|Any CPU
		{1F570C6A-6B98-1C7A-0430-9F5A3EA9DFE7}.Debug|Any CPU.Build.0 = Debug|Any CPU
		{1F570C6A-6B98-1C7A-0430-9F5A3EA9DFE7}.Release|Any CPU.ActiveCfg = Release|Any CPU
		{1F570C6A-6B98-1C7A-0430-9F5A3EA9DFE7}.Release|Any CPU.Build.0 = Release|Any CPU
		{899C0209-03E5-9856-7B3E-88AD6CDB070B}.Debug|Any CPU.ActiveCfg = Debug|Any CPU
		{899C0209-03E5-9856-7B3E-88AD6CDB070B}.Debug|Any CPU.Build.0 = Debug|Any CPU
		{899C0209-03E5-9856-7B3E-88AD6CDB070B}.Release|Any CPU.ActiveCfg = Release|Any CPU
		{899C0209-03E5-9856-7B3E-88AD6CDB070B}.Release|Any CPU.Build.0 = Release|Any CPU
		{498C41EE-760D-E678-049B-4D625D049DED}.Debug|Any CPU.ActiveCfg = Debug|Any CPU
		{498C41EE-760D-E678-049B-4D625D049DED}.Debug|Any CPU.Build.0 = Debug|Any CPU
		{498C41EE-760D-E678-049B-4D625D049DED}.Release|Any CPU.ActiveCfg = Release|Any CPU
		{498C41EE-760D-E678-049B-4D625D049DED}.Release|Any CPU.Build.0 = Release|Any CPU
		{04828628-4DCB-24B0-BB23-FBB5A8C3F45B}.Debug|Any CPU.ActiveCfg = Debug|Any CPU
		{04828628-4DCB-24B0-BB23-FBB5A8C3F45B}.Debug|Any CPU.Build.0 = Debug|Any CPU
		{04828628-4DCB-24B0-BB23-FBB5A8C3F45B}.Release|Any CPU.ActiveCfg = Release|Any CPU
		{04828628-4DCB-24B0-BB23-FBB5A8C3F45B}.Release|Any CPU.Build.0 = Release|Any CPU
		{020B433F-2EE1-321D-2358-EBD1DF5BBAB8}.Debug|Any CPU.ActiveCfg = Debug|Any CPU
		{020B433F-2EE1-321D-2358-EBD1DF5BBAB8}.Debug|Any CPU.Build.0 = Debug|Any CPU
		{020B433F-2EE1-321D-2358-EBD1DF5BBAB8}.Release|Any CPU.ActiveCfg = Release|Any CPU
		{020B433F-2EE1-321D-2358-EBD1DF5BBAB8}.Release|Any CPU.Build.0 = Release|Any CPU
		{B0512E30-104E-D742-829D-DEBAC9D8A8AC}.Debug|Any CPU.ActiveCfg = Debug|Any CPU
		{B0512E30-104E-D742-829D-DEBAC9D8A8AC}.Debug|Any CPU.Build.0 = Debug|Any CPU
		{B0512E30-104E-D742-829D-DEBAC9D8A8AC}.Release|Any CPU.ActiveCfg = Release|Any CPU
		{B0512E30-104E-D742-829D-DEBAC9D8A8AC}.Release|Any CPU.Build.0 = Release|Any CPU
		{420C6756-8704-D174-1B2B-9C16B3BA6601}.Debug|Any CPU.ActiveCfg = Debug|Any CPU
		{420C6756-8704-D174-1B2B-9C16B3BA6601}.Debug|Any CPU.Build.0 = Debug|Any CPU
		{420C6756-8704-D174-1B2B-9C16B3BA6601}.Release|Any CPU.ActiveCfg = Release|Any CPU
		{420C6756-8704-D174-1B2B-9C16B3BA6601}.Release|Any CPU.Build.0 = Release|Any CPU
		{5462B1D8-4ADC-A1C6-A3CA-5FA29E622AF0}.Debug|Any CPU.ActiveCfg = Debug|Any CPU
		{5462B1D8-4ADC-A1C6-A3CA-5FA29E622AF0}.Debug|Any CPU.Build.0 = Debug|Any CPU
		{5462B1D8-4ADC-A1C6-A3CA-5FA29E622AF0}.Release|Any CPU.ActiveCfg = Release|Any CPU
		{5462B1D8-4ADC-A1C6-A3CA-5FA29E622AF0}.Release|Any CPU.Build.0 = Release|Any CPU
		{056AA4FC-9A5F-3697-3D31-FF1394705624}.Debug|Any CPU.ActiveCfg = Debug|Any CPU
		{056AA4FC-9A5F-3697-3D31-FF1394705624}.Debug|Any CPU.Build.0 = Debug|Any CPU
		{056AA4FC-9A5F-3697-3D31-FF1394705624}.Release|Any CPU.ActiveCfg = Release|Any CPU
		{056AA4FC-9A5F-3697-3D31-FF1394705624}.Release|Any CPU.Build.0 = Release|Any CPU
		{FB9AB14B-B0A5-35F7-D94C-97B966BD86C9}.Debug|Any CPU.ActiveCfg = Debug|Any CPU
		{FB9AB14B-B0A5-35F7-D94C-97B966BD86C9}.Debug|Any CPU.Build.0 = Debug|Any CPU
		{FB9AB14B-B0A5-35F7-D94C-97B966BD86C9}.Release|Any CPU.ActiveCfg = Release|Any CPU
		{FB9AB14B-B0A5-35F7-D94C-97B966BD86C9}.Release|Any CPU.Build.0 = Release|Any CPU
		{D8EF1251-BEC0-F3E7-C1B8-6E83C7F8AD84}.Debug|Any CPU.ActiveCfg = Debug|Any CPU
		{D8EF1251-BEC0-F3E7-C1B8-6E83C7F8AD84}.Debug|Any CPU.Build.0 = Debug|Any CPU
		{D8EF1251-BEC0-F3E7-C1B8-6E83C7F8AD84}.Release|Any CPU.ActiveCfg = Release|Any CPU
		{D8EF1251-BEC0-F3E7-C1B8-6E83C7F8AD84}.Release|Any CPU.Build.0 = Release|Any CPU
		{FB0182A5-FB44-605F-697E-221DEE32DE73}.Debug|Any CPU.ActiveCfg = Debug|Any CPU
		{FB0182A5-FB44-605F-697E-221DEE32DE73}.Debug|Any CPU.Build.0 = Debug|Any CPU
		{FB0182A5-FB44-605F-697E-221DEE32DE73}.Release|Any CPU.ActiveCfg = Release|Any CPU
		{FB0182A5-FB44-605F-697E-221DEE32DE73}.Release|Any CPU.Build.0 = Release|Any CPU
		{ED4328FA-65CA-F1E6-CCE0-60DCA8CFDAA9}.Debug|Any CPU.ActiveCfg = Debug|Any CPU
		{ED4328FA-65CA-F1E6-CCE0-60DCA8CFDAA9}.Debug|Any CPU.Build.0 = Debug|Any CPU
		{ED4328FA-65CA-F1E6-CCE0-60DCA8CFDAA9}.Release|Any CPU.ActiveCfg = Release|Any CPU
		{ED4328FA-65CA-F1E6-CCE0-60DCA8CFDAA9}.Release|Any CPU.Build.0 = Release|Any CPU
		{D38863AB-6193-83EB-B5AD-8D7FD493F709}.Debug|Any CPU.ActiveCfg = Debug|Any CPU
		{D38863AB-6193-83EB-B5AD-8D7FD493F709}.Debug|Any CPU.Build.0 = Debug|Any CPU
		{D38863AB-6193-83EB-B5AD-8D7FD493F709}.Release|Any CPU.ActiveCfg = Release|Any CPU
		{D38863AB-6193-83EB-B5AD-8D7FD493F709}.Release|Any CPU.Build.0 = Release|Any CPU
		{0F7C40C2-862F-35FA-FD62-23B884EE8009}.Debug|Any CPU.ActiveCfg = Debug|Any CPU
		{0F7C40C2-862F-35FA-FD62-23B884EE8009}.Debug|Any CPU.Build.0 = Debug|Any CPU
		{0F7C40C2-862F-35FA-FD62-23B884EE8009}.Release|Any CPU.ActiveCfg = Release|Any CPU
		{0F7C40C2-862F-35FA-FD62-23B884EE8009}.Release|Any CPU.Build.0 = Release|Any CPU
		{A6E20822-FE84-3241-3183-BB89A4861A83}.Debug|Any CPU.ActiveCfg = Debug|Any CPU
		{A6E20822-FE84-3241-3183-BB89A4861A83}.Debug|Any CPU.Build.0 = Debug|Any CPU
		{A6E20822-FE84-3241-3183-BB89A4861A83}.Release|Any CPU.ActiveCfg = Release|Any CPU
		{A6E20822-FE84-3241-3183-BB89A4861A83}.Release|Any CPU.Build.0 = Release|Any CPU
		{FCA3EE5B-F177-FC3A-91D2-BA7009A8DF3E}.Debug|Any CPU.ActiveCfg = Debug|Any CPU
		{FCA3EE5B-F177-FC3A-91D2-BA7009A8DF3E}.Debug|Any CPU.Build.0 = Debug|Any CPU
		{FCA3EE5B-F177-FC3A-91D2-BA7009A8DF3E}.Release|Any CPU.ActiveCfg = Release|Any CPU
		{FCA3EE5B-F177-FC3A-91D2-BA7009A8DF3E}.Release|Any CPU.Build.0 = Release|Any CPU
		{DCE5B948-F85F-4952-8DE7-8B7ECB34F616}.Debug|Any CPU.ActiveCfg = Debug|Any CPU
		{DCE5B948-F85F-4952-8DE7-8B7ECB34F616}.Debug|Any CPU.Build.0 = Debug|Any CPU
		{DCE5B948-F85F-4952-8DE7-8B7ECB34F616}.Release|Any CPU.ActiveCfg = Release|Any CPU
		{DCE5B948-F85F-4952-8DE7-8B7ECB34F616}.Release|Any CPU.Build.0 = Release|Any CPU
	EndGlobalSection
	GlobalSection(SolutionProperties) = preSolution
		HideSolutionNode = FALSE
	EndGlobalSection
EndGlobal
